gitlab.com/f5/nginx/controller/poc/f5-hugo v0.23.2 h1:z/Zi+nPZ5U1VB8UaHIM79FQ6GEzMeltYLOE4U/ABPpE=
gitlab.com/f5/nginx/controller/poc/f5-hugo v0.23.2/go.mod h1:Y9Ez7EKgsbFXNsflK0tGLe6FWqlPToWFGZyrkduYdM4=
gitlab.com/f5/nginx/controller/poc/f5-hugo v0.23.3 h1:PwuNzUQWW4G3FUYa+vmh/FK+sKsdg7oKgAQDKF2QkT4=
gitlab.com/f5/nginx/controller/poc/f5-hugo v0.23.3/go.mod h1:Y9Ez7EKgsbFXNsflK0tGLe6FWqlPToWFGZyrkduYdM4=
gitlab.com/f5/nginx/controller/poc/f5-hugo v0.24.0 h1:2lkCeWVT7EeJWuXa5pyZvDMYGv7OQEoteK2L6uoLAAw=
gitlab.com/f5/nginx/controller/poc/f5-hugo v0.24.0/go.mod h1:Y9Ez7EKgsbFXNsflK0tGLe6FWqlPToWFGZyrkduYdM4=
gitlab.com/f5/nginx/controller/poc/f5-hugo v0.24.1 h1:T7y56NzgU4sJ1ymoWDw8CeZeTyOXJSPY5NwFBBZ/EXA=
gitlab.com/f5/nginx/controller/poc/f5-hugo v0.24.1/go.mod h1:Y9Ez7EKgsbFXNsflK0tGLe6FWqlPToWFGZyrkduYdM4=
gitlab.com/f5/nginx/controller/poc/f5-hugo v0.25.2 h1:WYCERTzhAsQRe2iyZn3ui87f8gEapq8rB2xCMXiFxYw=
gitlab.com/f5/nginx/controller/poc/f5-hugo v0.25.2/go.mod h1:Y9Ez7EKgsbFXNsflK0tGLe6FWqlPToWFGZyrkduYdM4=
